{
  "name": "@digitalbranch/otpjs",
  "version": "1.0.0",
  "lockfileVersion": 1,
  "requires": true,
  "dependencies": {
    "@digitalbranch/base32js": {
      "version": "1.0.1",
      "resolved": "https://registry.npmjs.org/@digitalbranch/base32js/-/base32js-1.0.1.tgz",
      "integrity": "sha512-Tm0lFa9zCZtpFPcUtZsOcTilymPCZEy8Hk2k1yMFRmC9gu1iCS/VHY0NTNnX1lhZKyqtl7NmayKYZ+cz2XKDxQ=="
    }
  }
}
